
Microsoft Visual Studio Solution File, Format Version 12.00
# Visual Studio Version 17
VisualStudioVersion = 17.3.32811.315
MinimumVisualStudioVersion = 10.0.40219.1
Project("{FAE04EC0-301F-11D3-BF4B-00C04F79EFBC}") = "Lab02-01", "Lab02-01\Lab02-01.csproj", "{E1841A3A-7E82-4BA7-A144-FD1660F7BCF8}"
EndProject
Global
	GlobalSection(SolutionConfigurationPlatforms) = preSolution
		Debug|Any CPU = Debug|Any CPU
		Release|Any CPU = Release|Any CPU
	EndGlobalSection
	GlobalSection(ProjectConfigurationPlatforms) = postSolution
		{E1841A3A-7E82-4BA7-A144-FD1660F7BCF8}.Debug|Any CPU.ActiveCfg = Debug|Any CPU
		{E1841A3A-7E82-4BA7-A144-FD1660F7BCF8}.Debug|Any CPU.Build.0 = Debug|Any CPU
		{E1841A3A-7E82-4BA7-A144-FD1660F7BCF8}.Release|Any CPU.ActiveCfg = Release|Any CPU
		{E1841A3A-7E82-4BA7-A144-FD1660F7BCF8}.Release|Any CPU.Build.0 = Release|Any CPU
	EndGlobalSection
	GlobalSection(SolutionProperties) = preSolution
		HideSolutionNode = FALSE
	EndGlobalSection
	GlobalSection(ExtensibilityGlobals) = postSolution
		SolutionGuid = {54CD57AB-2245-4406-A80C-141C66242AA7}
	EndGlobalSection
EndGlobal
